
Microsoft Visual Studio Solution File, Format Version 12.00
# Visual Studio 15
VisualStudioVersion = 15.0.28307.421
MinimumVisualStudioVersion = 10.0.40219.1
Project("{FAE04EC0-301F-11D3-BF4B-00C04F79EFBC}") = "Covide.Web", "Covide.Web\Covide.Web.csproj", "{60332AF0-8472-4627-B06B-03E0BCA403AD}"
EndProject
Global
	GlobalSection(SolutionConfigurationPlatforms) = preSolution
		Debug|Any CPU = Debug|Any CPU
		Release|Any CPU = Release|Any CPU
	EndGlobalSection
	GlobalSection(ProjectConfigurationPlatforms) = postSolution
		{60332AF0-8472-4627-B06B-03E0BCA403AD}.Debug|Any CPU.ActiveCfg = Debug|Any CPU
		{60332AF0-8472-4627-B06B-03E0BCA403AD}.Debug|Any CPU.Build.0 = Debug|Any CPU
		{60332AF0-8472-4627-B06B-03E0BCA403AD}.Release|Any CPU.ActiveCfg = Release|Any CPU
		{60332AF0-8472-4627-B06B-03E0BCA403AD}.Release|Any CPU.Build.0 = Release|Any CPU
	EndGlobalSection
	GlobalSection(SolutionProperties) = preSolution
		HideSolutionNode = FALSE
	EndGlobalSection
	GlobalSection(ExtensibilityGlobals) = postSolution
		SolutionGuid = {C767346B-A012-4748-8E5E-6AAB05158CBA}
	EndGlobalSection
EndGlobal
